
Microsoft Visual Studio Solution File, Format Version 12.00
# Visual Studio Version 17
VisualStudioVersion = 17.7.34302.85
MinimumVisualStudioVersion = 10.0.40219.1
Project("{9A19103F-16F7-4668-BE54-9A1E7A4F7556}") = "CefsharpDummy", "CefsharpDummy\CefsharpDummy.csproj", "{24B26426-E4B4-48CB-BD45-9E47DA4671E7}"
EndProject
Project("{9A19103F-16F7-4668-BE54-9A1E7A4F7556}") = "CefsharpRunner", "CefsharpRunner\CefsharpRunner.csproj", "{D71CA133-B330-42F1-B2CC-2EEC1D1E045A}"
EndProject
Global
	GlobalSection(SolutionConfigurationPlatforms) = preSolution
		BiaDemo|Any CPU = BiaDemo|Any CPU
		BiaDemo|x86 = BiaDemo|x86
		Building100_Test9|Any CPU = Building100_Test9|Any CPU
		Building100_Test9|x86 = Building100_Test9|x86
		BuildingD_Beta|Any CPU = BuildingD_Beta|Any CPU
		BuildingD_Beta|x86 = BuildingD_Beta|x86
		BuildingD_Prod|Any CPU = BuildingD_Prod|Any CPU
		BuildingD_Prod|x86 = BuildingD_Prod|x86
		CoreDemo|Any CPU = CoreDemo|Any CPU
		CoreDemo|x86 = CoreDemo|x86
		Debug|Any CPU = Debug|Any CPU
		Debug|x86 = Debug|x86
		DEV|Any CPU = DEV|Any CPU
		DEV|x86 = DEV|x86
		LAB|Any CPU = LAB|Any CPU
		LAB|x86 = LAB|x86
		LAB-SIPR-TEST|Any CPU = LAB-SIPR-TEST|Any CPU
		LAB-SIPR-TEST|x86 = LAB-SIPR-TEST|x86
		LMI|Any CPU = LMI|Any CPU
		LMI|x86 = LMI|x86
		Nightly|Any CPU = Nightly|Any CPU
		Nightly|x86 = Nightly|x86
		Orca_Aut_1|Any CPU = Orca_Aut_1|Any CPU
		Orca_Aut_1|x86 = Orca_Aut_1|x86
		Orca_Aut_2|Any CPU = Orca_Aut_2|Any CPU
		Orca_Aut_2|x86 = Orca_Aut_2|x86
		Orca_Aut_3|Any CPU = Orca_Aut_3|Any CPU
		Orca_Aut_3|x86 = Orca_Aut_3|x86
		Orca_Aut_4|Any CPU = Orca_Aut_4|Any CPU
		Orca_Aut_4|x86 = Orca_Aut_4|x86
		Orca_Aut_5|Any CPU = Orca_Aut_5|Any CPU
		Orca_Aut_5|x86 = Orca_Aut_5|x86
		Orca_Manual_1|Any CPU = Orca_Manual_1|Any CPU
		Orca_Manual_1|x86 = Orca_Manual_1|x86
		Orca_Manual_2|Any CPU = Orca_Manual_2|Any CPU
		Orca_Manual_2|x86 = Orca_Manual_2|x86
		Orca_Manual_3|Any CPU = Orca_Manual_3|Any CPU
		Orca_Manual_3|x86 = Orca_Manual_3|x86
		Release|Any CPU = Release|Any CPU
		Release|x86 = Release|x86
		Rlt_Beta|Any CPU = Rlt_Beta|Any CPU
		Rlt_Beta|x86 = Rlt_Beta|x86
		Rlt_Dev|Any CPU = Rlt_Dev|Any CPU
		Rlt_Dev|x86 = Rlt_Dev|x86
		Rlt_Ops|Any CPU = Rlt_Ops|Any CPU
		Rlt_Ops|x86 = Rlt_Ops|x86
		Rlt_Test_1|Any CPU = Rlt_Test_1|Any CPU
		Rlt_Test_1|x86 = Rlt_Test_1|x86
		Rlt_Test_2|Any CPU = Rlt_Test_2|Any CPU
		Rlt_Test_2|x86 = Rlt_Test_2|x86
		Rlt_Test_5|Any CPU = Rlt_Test_5|Any CPU
		Rlt_Test_5|x86 = Rlt_Test_5|x86
		Rlt_Test_6|Any CPU = Rlt_Test_6|Any CPU
		Rlt_Test_6|x86 = Rlt_Test_6|x86
		Smac|Any CPU = Smac|Any CPU
		Smac|x86 = Smac|x86
		SmartSyncDemo|Any CPU = SmartSyncDemo|Any CPU
		SmartSyncDemo|x86 = SmartSyncDemo|x86
	EndGlobalSection
	GlobalSection(ProjectConfigurationPlatforms) = postSolution
		{24B26426-E4B4-48CB-BD45-9E47DA4671E7}.BiaDemo|Any CPU.ActiveCfg = Debug|x86
		{24B26426-E4B4-48CB-BD45-9E47DA4671E7}.BiaDemo|Any CPU.Build.0 = Debug|x86
		{24B26426-E4B4-48CB-BD45-9E47DA4671E7}.BiaDemo|x86.ActiveCfg = Debug|x86
		{24B26426-E4B4-48CB-BD45-9E47DA4671E7}.BiaDemo|x86.Build.0 = Debug|x86
		{24B26426-E4B4-48CB-BD45-9E47DA4671E7}.Building100_Test9|Any CPU.ActiveCfg = Debug|x86
		{24B26426-E4B4-48CB-BD45-9E47DA4671E7}.Building100_Test9|Any CPU.Build.0 = Debug|x86
		{24B26426-E4B4-48CB-BD45-9E47DA4671E7}.Building100_Test9|x86.ActiveCfg = Debug|x86
		{24B26426-E4B4-48CB-BD45-9E47DA4671E7}.Building100_Test9|x86.Build.0 = Debug|x86
		{24B26426-E4B4-48CB-BD45-9E47DA4671E7}.BuildingD_Beta|Any CPU.ActiveCfg = Debug|x86
		{24B26426-E4B4-48CB-BD45-9E47DA4671E7}.BuildingD_Beta|Any CPU.Build.0 = Debug|x86
		{24B26426-E4B4-48CB-BD45-9E47DA4671E7}.BuildingD_Beta|x86.ActiveCfg = Debug|x86
		{24B26426-E4B4-48CB-BD45-9E47DA4671E7}.BuildingD_Beta|x86.Build.0 = Debug|x86
		{24B26426-E4B4-48CB-BD45-9E47DA4671E7}.BuildingD_Prod|Any CPU.ActiveCfg = Debug|x86
		{24B26426-E4B4-48CB-BD45-9E47DA4671E7}.BuildingD_Prod|Any CPU.Build.0 = Debug|x86
		{24B26426-E4B4-48CB-BD45-9E47DA4671E7}.BuildingD_Prod|x86.ActiveCfg = Debug|x86
		{24B26426-E4B4-48CB-BD45-9E47DA4671E7}.BuildingD_Prod|x86.Build.0 = Debug|x86
		{24B26426-E4B4-48CB-BD45-9E47DA4671E7}.CoreDemo|Any CPU.ActiveCfg = Debug|x86
		{24B26426-E4B4-48CB-BD45-9E47DA4671E7}.CoreDemo|Any CPU.Build.0 = Debug|x86
		{24B26426-E4B4-48CB-BD45-9E47DA4671E7}.CoreDemo|x86.ActiveCfg = Debug|x86
		{24B26426-E4B4-48CB-BD45-9E47DA4671E7}.CoreDemo|x86.Build.0 = Debug|x86
		{24B26426-E4B4-48CB-BD45-9E47DA4671E7}.Debug|Any CPU.ActiveCfg = Debug|x86
		{24B26426-E4B4-48CB-BD45-9E47DA4671E7}.Debug|Any CPU.Build.0 = Debug|x86
		{24B26426-E4B4-48CB-BD45-9E47DA4671E7}.Debug|x86.ActiveCfg = Debug|x86
		{24B26426-E4B4-48CB-BD45-9E47DA4671E7}.Debug|x86.Build.0 = Debug|x86
		{24B26426-E4B4-48CB-BD45-9E47DA4671E7}.DEV|Any CPU.ActiveCfg = Debug|x86
		{24B26426-E4B4-48CB-BD45-9E47DA4671E7}.DEV|Any CPU.Build.0 = Debug|x86
		{24B26426-E4B4-48CB-BD45-9E47DA4671E7}.DEV|x86.ActiveCfg = Debug|x86
		{24B26426-E4B4-48CB-BD45-9E47DA4671E7}.DEV|x86.Build.0 = Debug|x86
		{24B26426-E4B4-48CB-BD45-9E47DA4671E7}.LAB|Any CPU.ActiveCfg = Debug|x86
		{24B26426-E4B4-48CB-BD45-9E47DA4671E7}.LAB|Any CPU.Build.0 = Debug|x86
		{24B26426-E4B4-48CB-BD45-9E47DA4671E7}.LAB|x86.ActiveCfg = Debug|x86
		{24B26426-E4B4-48CB-BD45-9E47DA4671E7}.LAB|x86.Build.0 = Debug|x86
		{24B26426-E4B4-48CB-BD45-9E47DA4671E7}.LAB-SIPR-TEST|Any CPU.ActiveCfg = Debug|x86
		{24B26426-E4B4-48CB-BD45-9E47DA4671E7}.LAB-SIPR-TEST|Any CPU.Build.0 = Debug|x86
		{24B26426-E4B4-48CB-BD45-9E47DA4671E7}.LAB-SIPR-TEST|x86.ActiveCfg = Debug|x86
		{24B26426-E4B4-48CB-BD45-9E47DA4671E7}.LAB-SIPR-TEST|x86.Build.0 = Debug|x86
		{24B26426-E4B4-48CB-BD45-9E47DA4671E7}.LMI|Any CPU.ActiveCfg = Debug|x86
		{24B26426-E4B4-48CB-BD45-9E47DA4671E7}.LMI|Any CPU.Build.0 = Debug|x86
		{24B26426-E4B4-48CB-BD45-9E47DA4671E7}.LMI|x86.ActiveCfg = Debug|x86
		{24B26426-E4B4-48CB-BD45-9E47DA4671E7}.LMI|x86.Build.0 = Debug|x86
		{24B26426-E4B4-48CB-BD45-9E47DA4671E7}.Nightly|Any CPU.ActiveCfg = Debug|x86
		{24B26426-E4B4-48CB-BD45-9E47DA4671E7}.Nightly|Any CPU.Build.0 = Debug|x86
		{24B26426-E4B4-48CB-BD45-9E47DA4671E7}.Nightly|x86.ActiveCfg = Debug|x86
		{24B26426-E4B4-48CB-BD45-9E47DA4671E7}.Nightly|x86.Build.0 = Debug|x86
		{24B26426-E4B4-48CB-BD45-9E47DA4671E7}.Orca_Aut_1|Any CPU.ActiveCfg = Debug|x86
		{24B26426-E4B4-48CB-BD45-9E47DA4671E7}.Orca_Aut_1|Any CPU.Build.0 = Debug|x86
		{24B26426-E4B4-48CB-BD45-9E47DA4671E7}.Orca_Aut_1|x86.ActiveCfg = Debug|x86
		{24B26426-E4B4-48CB-BD45-9E47DA4671E7}.Orca_Aut_1|x86.Build.0 = Debug|x86
		{24B26426-E4B4-48CB-BD45-9E47DA4671E7}.Orca_Aut_2|Any CPU.ActiveCfg = Debug|x86
		{24B26426-E4B4-48CB-BD45-9E47DA4671E7}.Orca_Aut_2|Any CPU.Build.0 = Debug|x86
		{24B26426-E4B4-48CB-BD45-9E47DA4671E7}.Orca_Aut_2|x86.ActiveCfg = Debug|x86
		{24B26426-E4B4-48CB-BD45-9E47DA4671E7}.Orca_Aut_2|x86.Build.0 = Debug|x86
		{24B26426-E4B4-48CB-BD45-9E47DA4671E7}.Orca_Aut_3|Any CPU.ActiveCfg = Debug|x86
		{24B26426-E4B4-48CB-BD45-9E47DA4671E7}.Orca_Aut_3|Any CPU.Build.0 = Debug|x86
		{24B26426-E4B4-48CB-BD45-9E47DA4671E7}.Orca_Aut_3|x86.ActiveCfg = Debug|x86
		{24B26426-E4B4-48CB-BD45-9E47DA4671E7}.Orca_Aut_3|x86.Build.0 = Debug|x86
		{24B26426-E4B4-48CB-BD45-9E47DA4671E7}.Orca_Aut_4|Any CPU.ActiveCfg = Debug|x86
		{24B26426-E4B4-48CB-BD45-9E47DA4671E7}.Orca_Aut_4|Any CPU.Build.0 = Debug|x86
		{24B26426-E4B4-48CB-BD45-9E47DA4671E7}.Orca_Aut_4|x86.ActiveCfg = Debug|x86
		{24B26426-E4B4-48CB-BD45-9E47DA4671E7}.Orca_Aut_4|x86.Build.0 = Debug|x86
		{24B26426-E4B4-48CB-BD45-9E47DA4671E7}.Orca_Aut_5|Any CPU.ActiveCfg = Debug|x86
		{24B26426-E4B4-48CB-BD45-9E47DA4671E7}.Orca_Aut_5|Any CPU.Build.0 = Debug|x86
		{24B26426-E4B4-48CB-BD45-9E47DA4671E7}.Orca_Aut_5|x86.ActiveCfg = Debug|x86
		{24B26426-E4B4-48CB-BD45-9E47DA4671E7}.Orca_Aut_5|x86.Build.0 = Debug|x86
		{24B26426-E4B4-48CB-BD45-9E47DA4671E7}.Orca_Manual_1|Any CPU.ActiveCfg = Debug|x86
		{24B26426-E4B4-48CB-BD45-9E47DA4671E7}.Orca_Manual_1|Any CPU.Build.0 = Debug|x86
		{24B26426-E4B4-48CB-BD45-9E47DA4671E7}.Orca_Manual_1|x86.ActiveCfg = Debug|x86
		{24B26426-E4B4-48CB-BD45-9E47DA4671E7}.Orca_Manual_1|x86.Build.0 = Debug|x86
		{24B26426-E4B4-48CB-BD45-9E47DA4671E7}.Orca_Manual_2|Any CPU.ActiveCfg = Debug|x86
		{24B26426-E4B4-48CB-BD45-9E47DA4671E7}.Orca_Manual_2|Any CPU.Build.0 = Debug|x86
		{24B26426-E4B4-48CB-BD45-9E47DA4671E7}.Orca_Manual_2|x86.ActiveCfg = Debug|x86
		{24B26426-E4B4-48CB-BD45-9E47DA4671E7}.Orca_Manual_2|x86.Build.0 = Debug|x86
		{24B26426-E4B4-48CB-BD45-9E47DA4671E7}.Orca_Manual_3|Any CPU.ActiveCfg = Debug|x86
		{24B26426-E4B4-48CB-BD45-9E47DA4671E7}.Orca_Manual_3|Any CPU.Build.0 = Debug|x86
		{24B26426-E4B4-48CB-BD45-9E47DA4671E7}.Orca_Manual_3|x86.ActiveCfg = Debug|x86
		{24B26426-E4B4-48CB-BD45-9E47DA4671E7}.Orca_Manual_3|x86.Build.0 = Debug|x86
		{24B26426-E4B4-48CB-BD45-9E47DA4671E7}.Release|Any CPU.ActiveCfg = Release|x86
		{24B26426-E4B4-48CB-BD45-9E47DA4671E7}.Release|Any CPU.Build.0 = Release|x86
		{24B26426-E4B4-48CB-BD45-9E47DA4671E7}.Release|x86.ActiveCfg = Release|x86
		{24B26426-E4B4-48CB-BD45-9E47DA4671E7}.Release|x86.Build.0 = Release|x86
		{24B26426-E4B4-48CB-BD45-9E47DA4671E7}.Rlt_Beta|Any CPU.ActiveCfg = Release|x86
		{24B26426-E4B4-48CB-BD45-9E47DA4671E7}.Rlt_Beta|Any CPU.Build.0 = Release|x86
		{24B26426-E4B4-48CB-BD45-9E47DA4671E7}.Rlt_Beta|x86.ActiveCfg = Release|x86
		{24B26426-E4B4-48CB-BD45-9E47DA4671E7}.Rlt_Beta|x86.Build.0 = Release|x86
		{24B26426-E4B4-48CB-BD45-9E47DA4671E7}.Rlt_Dev|Any CPU.ActiveCfg = Release|x86
		{24B26426-E4B4-48CB-BD45-9E47DA4671E7}.Rlt_Dev|Any CPU.Build.0 = Release|x86
		{24B26426-E4B4-48CB-BD45-9E47DA4671E7}.Rlt_Dev|x86.ActiveCfg = Release|x86
		{24B26426-E4B4-48CB-BD45-9E47DA4671E7}.Rlt_Dev|x86.Build.0 = Release|x86
		{24B26426-E4B4-48CB-BD45-9E47DA4671E7}.Rlt_Ops|Any CPU.ActiveCfg = Release|x86
		{24B26426-E4B4-48CB-BD45-9E47DA4671E7}.Rlt_Ops|Any CPU.Build.0 = Release|x86
		{24B26426-E4B4-48CB-BD45-9E47DA4671E7}.Rlt_Ops|x86.ActiveCfg = Release|x86
		{24B26426-E4B4-48CB-BD45-9E47DA4671E7}.Rlt_Ops|x86.Build.0 = Release|x86
		{24B26426-E4B4-48CB-BD45-9E47DA4671E7}.Rlt_Test_1|Any CPU.ActiveCfg = Release|x86
		{24B26426-E4B4-48CB-BD45-9E47DA4671E7}.Rlt_Test_1|Any CPU.Build.0 = Release|x86
		{24B26426-E4B4-48CB-BD45-9E47DA4671E7}.Rlt_Test_1|x86.ActiveCfg = Release|x86
		{24B26426-E4B4-48CB-BD45-9E47DA4671E7}.Rlt_Test_1|x86.Build.0 = Release|x86
		{24B26426-E4B4-48CB-BD45-9E47DA4671E7}.Rlt_Test_2|Any CPU.ActiveCfg = Release|x86
		{24B26426-E4B4-48CB-BD45-9E47DA4671E7}.Rlt_Test_2|Any CPU.Build.0 = Release|x86
		{24B26426-E4B4-48CB-BD45-9E47DA4671E7}.Rlt_Test_2|x86.ActiveCfg = Release|x86
		{24B26426-E4B4-48CB-BD45-9E47DA4671E7}.Rlt_Test_2|x86.Build.0 = Release|x86
		{24B26426-E4B4-48CB-BD45-9E47DA4671E7}.Rlt_Test_5|Any CPU.ActiveCfg = Release|x86
		{24B26426-E4B4-48CB-BD45-9E47DA4671E7}.Rlt_Test_5|Any CPU.Build.0 = Release|x86
		{24B26426-E4B4-48CB-BD45-9E47DA4671E7}.Rlt_Test_5|x86.ActiveCfg = Release|x86
		{24B26426-E4B4-48CB-BD45-9E47DA4671E7}.Rlt_Test_5|x86.Build.0 = Release|x86
		{24B26426-E4B4-48CB-BD45-9E47DA4671E7}.Rlt_Test_6|Any CPU.ActiveCfg = Release|x86
		{24B26426-E4B4-48CB-BD45-9E47DA4671E7}.Rlt_Test_6|Any CPU.Build.0 = Release|x86
		{24B26426-E4B4-48CB-BD45-9E47DA4671E7}.Rlt_Test_6|x86.ActiveCfg = Release|x86
		{24B26426-E4B4-48CB-BD45-9E47DA4671E7}.Rlt_Test_6|x86.Build.0 = Release|x86
		{24B26426-E4B4-48CB-BD45-9E47DA4671E7}.Smac|Any CPU.ActiveCfg = Debug|x86
		{24B26426-E4B4-48CB-BD45-9E47DA4671E7}.Smac|Any CPU.Build.0 = Debug|x86
		{24B26426-E4B4-48CB-BD45-9E47DA4671E7}.Smac|x86.ActiveCfg = Debug|x86
		{24B26426-E4B4-48CB-BD45-9E47DA4671E7}.Smac|x86.Build.0 = Debug|x86
		{24B26426-E4B4-48CB-BD45-9E47DA4671E7}.SmartSyncDemo|Any CPU.ActiveCfg = Debug|x86
		{24B26426-E4B4-48CB-BD45-9E47DA4671E7}.SmartSyncDemo|Any CPU.Build.0 = Debug|x86
		{24B26426-E4B4-48CB-BD45-9E47DA4671E7}.SmartSyncDemo|x86.ActiveCfg = Debug|x86
		{24B26426-E4B4-48CB-BD45-9E47DA4671E7}.SmartSyncDemo|x86.Build.0 = Debug|x86
		{D71CA133-B330-42F1-B2CC-2EEC1D1E045A}.BiaDemo|Any CPU.ActiveCfg = Debug|Any CPU
		{D71CA133-B330-42F1-B2CC-2EEC1D1E045A}.BiaDemo|Any CPU.Build.0 = Debug|Any CPU
		{D71CA133-B330-42F1-B2CC-2EEC1D1E045A}.BiaDemo|x86.ActiveCfg = Debug|Any CPU
		{D71CA133-B330-42F1-B2CC-2EEC1D1E045A}.BiaDemo|x86.Build.0 = Debug|Any CPU
		{D71CA133-B330-42F1-B2CC-2EEC1D1E045A}.Building100_Test9|Any CPU.ActiveCfg = Debug|Any CPU
		{D71CA133-B330-42F1-B2CC-2EEC1D1E045A}.Building100_Test9|Any CPU.Build.0 = Debug|Any CPU
		{D71CA133-B330-42F1-B2CC-2EEC1D1E045A}.Building100_Test9|x86.ActiveCfg = Debug|Any CPU
		{D71CA133-B330-42F1-B2CC-2EEC1D1E045A}.Building100_Test9|x86.Build.0 = Debug|Any CPU
		{D71CA133-B330-42F1-B2CC-2EEC1D1E045A}.BuildingD_Beta|Any CPU.ActiveCfg = Debug|Any CPU
		{D71CA133-B330-42F1-B2CC-2EEC1D1E045A}.BuildingD_Beta|Any CPU.Build.0 = Debug|Any CPU
		{D71CA133-B330-42F1-B2CC-2EEC1D1E045A}.BuildingD_Beta|x86.ActiveCfg = Debug|Any CPU
		{D71CA133-B330-42F1-B2CC-2EEC1D1E045A}.BuildingD_Beta|x86.Build.0 = Debug|Any CPU
		{D71CA133-B330-42F1-B2CC-2EEC1D1E045A}.BuildingD_Prod|Any CPU.ActiveCfg = Debug|Any CPU
		{D71CA133-B330-42F1-B2CC-2EEC1D1E045A}.BuildingD_Prod|Any CPU.Build.0 = Debug|Any CPU
		{D71CA133-B330-42F1-B2CC-2EEC1D1E045A}.BuildingD_Prod|x86.ActiveCfg = Debug|Any CPU
		{D71CA133-B330-42F1-B2CC-2EEC1D1E045A}.BuildingD_Prod|x86.Build.0 = Debug|Any CPU
		{D71CA133-B330-42F1-B2CC-2EEC1D1E045A}.CoreDemo|Any CPU.ActiveCfg = Debug|Any CPU
		{D71CA133-B330-42F1-B2CC-2EEC1D1E045A}.CoreDemo|Any CPU.Build.0 = Debug|Any CPU
		{D71CA133-B330-42F1-B2CC-2EEC1D1E045A}.CoreDemo|x86.ActiveCfg = Debug|Any CPU
		{D71CA133-B330-42F1-B2CC-2EEC1D1E045A}.CoreDemo|x86.Build.0 = Debug|Any CPU
		{D71CA133-B330-42F1-B2CC-2EEC1D1E045A}.Debug|Any CPU.ActiveCfg = Debug|Any CPU
		{D71CA133-B330-42F1-B2CC-2EEC1D1E045A}.Debug|Any CPU.Build.0 = Debug|Any CPU
		{D71CA133-B330-42F1-B2CC-2EEC1D1E045A}.Debug|x86.ActiveCfg = Debug|Any CPU
		{D71CA133-B330-42F1-B2CC-2EEC1D1E045A}.Debug|x86.Build.0 = Debug|Any CPU
		{D71CA133-B330-42F1-B2CC-2EEC1D1E045A}.DEV|Any CPU.ActiveCfg = Debug|Any CPU
		{D71CA133-B330-42F1-B2CC-2EEC1D1E045A}.DEV|Any CPU.Build.0 = Debug|Any CPU
		{D71CA133-B330-42F1-B2CC-2EEC1D1E045A}.DEV|x86.ActiveCfg = Debug|Any CPU
		{D71CA133-B330-42F1-B2CC-2EEC1D1E045A}.DEV|x86.Build.0 = Debug|Any CPU
		{D71CA133-B330-42F1-B2CC-2EEC1D1E045A}.LAB|Any CPU.ActiveCfg = Debug|Any CPU
		{D71CA133-B330-42F1-B2CC-2EEC1D1E045A}.LAB|Any CPU.Build.0 = Debug|Any CPU
		{D71CA133-B330-42F1-B2CC-2EEC1D1E045A}.LAB|x86.ActiveCfg = Debug|Any CPU
		{D71CA133-B330-42F1-B2CC-2EEC1D1E045A}.LAB|x86.Build.0 = Debug|Any CPU
		{D71CA133-B330-42F1-B2CC-2EEC1D1E045A}.LAB-SIPR-TEST|Any CPU.ActiveCfg = Debug|Any CPU
		{D71CA133-B330-42F1-B2CC-2EEC1D1E045A}.LAB-SIPR-TEST|Any CPU.Build.0 = Debug|Any CPU
		{D71CA133-B330-42F1-B2CC-2EEC1D1E045A}.LAB-SIPR-TEST|x86.ActiveCfg = Debug|Any CPU
		{D71CA133-B330-42F1-B2CC-2EEC1D1E045A}.LAB-SIPR-TEST|x86.Build.0 = Debug|Any CPU
		{D71CA133-B330-42F1-B2CC-2EEC1D1E045A}.LMI|Any CPU.ActiveCfg = Debug|Any CPU
		{D71CA133-B330-42F1-B2CC-2EEC1D1E045A}.LMI|Any CPU.Build.0 = Debug|Any CPU
		{D71CA133-B330-42F1-B2CC-2EEC1D1E045A}.LMI|x86.ActiveCfg = Debug|Any CPU
		{D71CA133-B330-42F1-B2CC-2EEC1D1E045A}.LMI|x86.Build.0 = Debug|Any CPU
		{D71CA133-B330-42F1-B2CC-2EEC1D1E045A}.Nightly|Any CPU.ActiveCfg = Debug|Any CPU
		{D71CA133-B330-42F1-B2CC-2EEC1D1E045A}.Nightly|Any CPU.Build.0 = Debug|Any CPU
		{D71CA133-B330-42F1-B2CC-2EEC1D1E045A}.Nightly|x86.ActiveCfg = Debug|Any CPU
		{D71CA133-B330-42F1-B2CC-2EEC1D1E045A}.Nightly|x86.Build.0 = Debug|Any CPU
		{D71CA133-B330-42F1-B2CC-2EEC1D1E045A}.Orca_Aut_1|Any CPU.ActiveCfg = Debug|Any CPU
		{D71CA133-B330-42F1-B2CC-2EEC1D1E045A}.Orca_Aut_1|Any CPU.Build.0 = Debug|Any CPU
		{D71CA133-B330-42F1-B2CC-2EEC1D1E045A}.Orca_Aut_1|x86.ActiveCfg = Debug|Any CPU
		{D71CA133-B330-42F1-B2CC-2EEC1D1E045A}.Orca_Aut_1|x86.Build.0 = Debug|Any CPU
		{D71CA133-B330-42F1-B2CC-2EEC1D1E045A}.Orca_Aut_2|Any CPU.ActiveCfg = Debug|Any CPU
		{D71CA133-B330-42F1-B2CC-2EEC1D1E045A}.Orca_Aut_2|Any CPU.Build.0 = Debug|Any CPU
		{D71CA133-B330-42F1-B2CC-2EEC1D1E045A}.Orca_Aut_2|x86.ActiveCfg = Debug|Any CPU
		{D71CA133-B330-42F1-B2CC-2EEC1D1E045A}.Orca_Aut_2|x86.Build.0 = Debug|Any CPU
		{D71CA133-B330-42F1-B2CC-2EEC1D1E045A}.Orca_Aut_3|Any CPU.ActiveCfg = Debug|Any CPU
		{D71CA133-B330-42F1-B2CC-2EEC1D1E045A}.Orca_Aut_3|Any CPU.Build.0 = Debug|Any CPU
		{D71CA133-B330-42F1-B2CC-2EEC1D1E045A}.Orca_Aut_3|x86.ActiveCfg = Debug|Any CPU
		{D71CA133-B330-42F1-B2CC-2EEC1D1E045A}.Orca_Aut_3|x86.Build.0 = Debug|Any CPU
		{D71CA133-B330-42F1-B2CC-2EEC1D1E045A}.Orca_Aut_4|Any CPU.ActiveCfg = Debug|Any CPU
		{D71CA133-B330-42F1-B2CC-2EEC1D1E045A}.Orca_Aut_4|Any CPU.Build.0 = Debug|Any CPU
		{D71CA133-B330-42F1-B2CC-2EEC1D1E045A}.Orca_Aut_4|x86.ActiveCfg = Debug|Any CPU
		{D71CA133-B330-42F1-B2CC-2EEC1D1E045A}.Orca_Aut_4|x86.Build.0 = Debug|Any CPU
		{D71CA133-B330-42F1-B2CC-2EEC1D1E045A}.Orca_Aut_5|Any CPU.ActiveCfg = Debug|Any CPU
		{D71CA133-B330-42F1-B2CC-2EEC1D1E045A}.Orca_Aut_5|Any CPU.Build.0 = Debug|Any CPU
		{D71CA133-B330-42F1-B2CC-2EEC1D1E045A}.Orca_Aut_5|x86.ActiveCfg = Debug|Any CPU
		{D71CA133-B330-42F1-B2CC-2EEC1D1E045A}.Orca_Aut_5|x86.Build.0 = Debug|Any CPU
		{D71CA133-B330-42F1-B2CC-2EEC1D1E045A}.Orca_Manual_1|Any CPU.ActiveCfg = Debug|Any CPU
		{D71CA133-B330-42F1-B2CC-2EEC1D1E045A}.Orca_Manual_1|Any CPU.Build.0 = Debug|Any CPU
		{D71CA133-B330-42F1-B2CC-2EEC1D1E045A}.Orca_Manual_1|x86.ActiveCfg = Debug|Any CPU
		{D71CA133-B330-42F1-B2CC-2EEC1D1E045A}.Orca_Manual_1|x86.Build.0 = Debug|Any CPU
		{D71CA133-B330-42F1-B2CC-2EEC1D1E045A}.Orca_Manual_2|Any CPU.ActiveCfg = Debug|Any CPU
		{D71CA133-B330-42F1-B2CC-2EEC1D1E045A}.Orca_Manual_2|Any CPU.Build.0 = Debug|Any CPU
		{D71CA133-B330-42F1-B2CC-2EEC1D1E045A}.Orca_Manual_2|x86.ActiveCfg = Debug|Any CPU
		{D71CA133-B330-42F1-B2CC-2EEC1D1E045A}.Orca_Manual_2|x86.Build.0 = Debug|Any CPU
		{D71CA133-B330-42F1-B2CC-2EEC1D1E045A}.Orca_Manual_3|Any CPU.ActiveCfg = Debug|Any CPU
		{D71CA133-B330-42F1-B2CC-2EEC1D1E045A}.Orca_Manual_3|Any CPU.Build.0 = Debug|Any CPU
		{D71CA133-B330-42F1-B2CC-2EEC1D1E045A}.Orca_Manual_3|x86.ActiveCfg = Debug|Any CPU
		{D71CA133-B330-42F1-B2CC-2EEC1D1E045A}.Orca_Manual_3|x86.Build.0 = Debug|Any CPU
		{D71CA133-B330-42F1-B2CC-2EEC1D1E045A}.Release|Any CPU.ActiveCfg = Debug|Any CPU
		{D71CA133-B330-42F1-B2CC-2EEC1D1E045A}.Release|Any CPU.Build.0 = Debug|Any CPU
		{D71CA133-B330-42F1-B2CC-2EEC1D1E045A}.Release|x86.ActiveCfg = Debug|Any CPU
		{D71CA133-B330-42F1-B2CC-2EEC1D1E045A}.Release|x86.Build.0 = Debug|Any CPU
		{D71CA133-B330-42F1-B2CC-2EEC1D1E045A}.Rlt_Beta|Any CPU.ActiveCfg = Debug|Any CPU
		{D71CA133-B330-42F1-B2CC-2EEC1D1E045A}.Rlt_Beta|Any CPU.Build.0 = Debug|Any CPU
		{D71CA133-B330-42F1-B2CC-2EEC1D1E045A}.Rlt_Beta|x86.ActiveCfg = Debug|Any CPU
		{D71CA133-B330-42F1-B2CC-2EEC1D1E045A}.Rlt_Beta|x86.Build.0 = Debug|Any CPU
		{D71CA133-B330-42F1-B2CC-2EEC1D1E045A}.Rlt_Dev|Any CPU.ActiveCfg = Debug|Any CPU
		{D71CA133-B330-42F1-B2CC-2EEC1D1E045A}.Rlt_Dev|Any CPU.Build.0 = Debug|Any CPU
		{D71CA133-B330-42F1-B2CC-2EEC1D1E045A}.Rlt_Dev|x86.ActiveCfg = Debug|Any CPU
		{D71CA133-B330-42F1-B2CC-2EEC1D1E045A}.Rlt_Dev|x86.Build.0 = Debug|Any CPU
		{D71CA133-B330-42F1-B2CC-2EEC1D1E045A}.Rlt_Ops|Any CPU.ActiveCfg = Debug|Any CPU
		{D71CA133-B330-42F1-B2CC-2EEC1D1E045A}.Rlt_Ops|Any CPU.Build.0 = Debug|Any CPU
		{D71CA133-B330-42F1-B2CC-2EEC1D1E045A}.Rlt_Ops|x86.ActiveCfg = Debug|Any CPU
		{D71CA133-B330-42F1-B2CC-2EEC1D1E045A}.Rlt_Ops|x86.Build.0 = Debug|Any CPU
		{D71CA133-B330-42F1-B2CC-2EEC1D1E045A}.Rlt_Test_1|Any CPU.ActiveCfg = Debug|Any CPU
		{D71CA133-B330-42F1-B2CC-2EEC1D1E045A}.Rlt_Test_1|Any CPU.Build.0 = Debug|Any CPU
		{D71CA133-B330-42F1-B2CC-2EEC1D1E045A}.Rlt_Test_1|x86.ActiveCfg = Debug|Any CPU
		{D71CA133-B330-42F1-B2CC-2EEC1D1E045A}.Rlt_Test_1|x86.Build.0 = Debug|Any CPU
		{D71CA133-B330-42F1-B2CC-2EEC1D1E045A}.Rlt_Test_2|Any CPU.ActiveCfg = Debug|Any CPU
		{D71CA133-B330-42F1-B2CC-2EEC1D1E045A}.Rlt_Test_2|Any CPU.Build.0 = Debug|Any CPU
		{D71CA133-B330-42F1-B2CC-2EEC1D1E045A}.Rlt_Test_2|x86.ActiveCfg = Debug|Any CPU
		{D71CA133-B330-42F1-B2CC-2EEC1D1E045A}.Rlt_Test_2|x86.Build.0 = Debug|Any CPU
		{D71CA133-B330-42F1-B2CC-2EEC1D1E045A}.Rlt_Test_5|Any CPU.ActiveCfg = Debug|Any CPU
		{D71CA133-B330-42F1-B2CC-2EEC1D1E045A}.Rlt_Test_5|Any CPU.Build.0 = Debug|Any CPU
		{D71CA133-B330-42F1-B2CC-2EEC1D1E045A}.Rlt_Test_5|x86.ActiveCfg = Debug|Any CPU
		{D71CA133-B330-42F1-B2CC-2EEC1D1E045A}.Rlt_Test_5|x86.Build.0 = Debug|Any CPU
		{D71CA133-B330-42F1-B2CC-2EEC1D1E045A}.Rlt_Test_6|Any CPU.ActiveCfg = Debug|Any CPU
		{D71CA133-B330-42F1-B2CC-2EEC1D1E045A}.Rlt_Test_6|Any CPU.Build.0 = Debug|Any CPU
		{D71CA133-B330-42F1-B2CC-2EEC1D1E045A}.Rlt_Test_6|x86.ActiveCfg = Debug|Any CPU
		{D71CA133-B330-42F1-B2CC-2EEC1D1E045A}.Rlt_Test_6|x86.Build.0 = Debug|Any CPU
		{D71CA133-B330-42F1-B2CC-2EEC1D1E045A}.Smac|Any CPU.ActiveCfg = Debug|Any CPU
		{D71CA133-B330-42F1-B2CC-2EEC1D1E045A}.Smac|Any CPU.Build.0 = Debug|Any CPU
		{D71CA133-B330-42F1-B2CC-2EEC1D1E045A}.Smac|x86.ActiveCfg = Debug|Any CPU
		{D71CA133-B330-42F1-B2CC-2EEC1D1E045A}.Smac|x86.Build.0 = Debug|Any CPU
		{D71CA133-B330-42F1-B2CC-2EEC1D1E045A}.SmartSyncDemo|Any CPU.ActiveCfg = Debug|Any CPU
		{D71CA133-B330-42F1-B2CC-2EEC1D1E045A}.SmartSyncDemo|Any CPU.Build.0 = Debug|Any CPU
		{D71CA133-B330-42F1-B2CC-2EEC1D1E045A}.SmartSyncDemo|x86.ActiveCfg = Debug|Any CPU
		{D71CA133-B330-42F1-B2CC-2EEC1D1E045A}.SmartSyncDemo|x86.Build.0 = Debug|Any CPU
	EndGlobalSection
	GlobalSection(SolutionProperties) = preSolution
		HideSolutionNode = FALSE
	EndGlobalSection
	GlobalSection(ExtensibilityGlobals) = postSolution
		SolutionGuid = {D3D76620-40FA-42EB-8981-84CDA960C0B6}
	EndGlobalSection
EndGlobal
